
Microsoft Visual Studio Solution File, Format Version 12.00
# Visual Studio 15
VisualStudioVersion = 15.0.27428.2015
MinimumVisualStudioVersion = 10.0.40219.1
Project("{8BC9CEB8-8B4A-11D0-8D11-00A0C91BC942}") = "WareHouseSystem", "WareHouseSystem\WareHouseSystem.vcxproj", "{AEFF2292-209D-4707-899E-88CC8914BD83}"
EndProject
Global
	GlobalSection(SolutionConfigurationPlatforms) = preSolution
		Debug|x64 = Debug|x64
		Debug|x86 = Debug|x86
		Release|x64 = Release|x64
		Release|x86 = Release|x86
	EndGlobalSection
	GlobalSection(ProjectConfigurationPlatforms) = postSolution
		{AEFF2292-209D-4707-899E-88CC8914BD83}.Debug|x64.ActiveCfg = Debug|x64
		{AEFF2292-209D-4707-899E-88CC8914BD83}.Debug|x64.Build.0 = Debug|x64
		{AEFF2292-209D-4707-899E-88CC8914BD83}.Debug|x86.ActiveCfg = Debug|Win32
		{AEFF2292-209D-4707-899E-88CC8914BD83}.Debug|x86.Build.0 = Debug|Win32
		{AEFF2292-209D-4707-899E-88CC8914BD83}.Release|x64.ActiveCfg = Release|x64
		{AEFF2292-209D-4707-899E-88CC8914BD83}.Release|x64.Build.0 = Release|x64
		{AEFF2292-209D-4707-899E-88CC8914BD83}.Release|x86.ActiveCfg = Release|Win32
		{AEFF2292-209D-4707-899E-88CC8914BD83}.Release|x86.Build.0 = Release|Win32
	EndGlobalSection
	GlobalSection(SolutionProperties) = preSolution
		HideSolutionNode = FALSE
	EndGlobalSection
	GlobalSection(ExtensibilityGlobals) = postSolution
		SolutionGuid = {484C0D8D-9D1D-4736-B5B8-0F19454F5538}
	EndGlobalSection
EndGlobal
